// !$*UTF8*$!
{
	archiveVersion = 1;
	classes = {
	};
	objectVersion = 77;
	objects = {

/* Begin PBXBuildFile section */
		C0A2791F3024E8A0000F8482 /* AppDelegate.swift in Sources */ = {isa = PBXBuildFile; fileRef = C0A2791E3024E8A0000F8482 /* AppDelegate.swift */; };
		C0A279213024E8A0000F8482 /* SceneDelegate.swift in Sources */ = {isa = PBXBuildFile; fileRef = C0A279203024E8A0000F8482 /* SceneDelegate.swift */; };
		C0A279243024E8A0000F8482 /* LaunchScreen.storyboard in Resources */ = {isa = PBXBuildFile; fileRef = C0A279223024E8A0000F8482 /* LaunchScreen.storyboard */; };
		C0A279273024E8A0000F8482 /* Main.storyboard in Resources */ = {isa = PBXBuildFile; fileRef = C0A279253024E8A0000F8482 /* Main.storyboard */; };
		C0A279303024E8A0000F8482 /* AppDelegate.swift in Sources */ = {isa = PBXBuildFile; fileRef = C0A2792F3024E8A0000F8482 /* AppDelegate.swift */; };
		C0A279333024E8A0000F8482 /* Main.storyboard in Resources */ = {isa = PBXBuildFile; fileRef = C0A279313024E8A0000F8482 /* Main.storyboard */; };
		C0A2793A3024E8A0000F8482 /* CODEX Extension.appex in Embed Foundation Extensions */ = {isa = PBXBuildFile; fileRef = C0A279393024E8A0000F8482 /* CODEX Extension.appex */; settings = {ATTRIBUTES = (RemoveHeadersOnCopy, ); }; };
		C0A279443024E8A0000F8482 /* CODEX Extension.appex in Embed Foundation Extensions */ = {isa = PBXBuildFile; fileRef = C0A279433024E8A0000F8482 /* CODEX Extension.appex */; settings = {ATTRIBUTES = (RemoveHeadersOnCopy, ); }; };
		C0A279493024E8A0000F8482 /* Main.html in Resources */ = {isa = PBXBuildFile; fileRef = C0A2790E3024E89F000F8482 /* Main.html */; };
		C0A2794A3024E8A0000F8482 /* Main.html in Resources */ = {isa = PBXBuildFile; fileRef = C0A2790E3024E89F000F8482 /* Main.html */; };
		C0A2794B3024E8A0000F8482 /* Icon.png in Resources */ = {isa = PBXBuildFile; fileRef = C0A279103024E89F000F8482 /* Icon.png */; };
		C0A2794C3024E8A0000F8482 /* Icon.png in Resources */ = {isa = PBXBuildFile; fileRef = C0A279103024E89F000F8482 /* Icon.png */; };
		C0A2794D3024E8A0000F8482 /* Style.css in Resources */ = {isa = PBXBuildFile; fileRef = C0A279113024E89F000F8482 /* Style.css */; };
		C0A2794E3024E8A0000F8482 /* Style.css in Resources */ = {isa = PBXBuildFile; fileRef = C0A279113024E89F000F8482 /* Style.css */; };
		C0A2794F3024E8A0000F8482 /* Script.js in Resources */ = {isa = PBXBuildFile; fileRef = C0A279123024E89F000F8482 /* Script.js */; };
		C0A279503024E8A0000F8482 /* Script.js in Resources */ = {isa = PBXBuildFile; fileRef = C0A279123024E89F000F8482 /* Script.js */; };
		C0A279513024E8A0000F8482 /* ViewController.swift in Sources */ = {isa = PBXBuildFile; fileRef = C0A279133024E89F000F8482 /* ViewController.swift */; };
		C0A279523024E8A0000F8482 /* ViewController.swift in Sources */ = {isa = PBXBuildFile; fileRef = C0A279133024E89F000F8482 /* ViewController.swift */; };
		C0A279533024E8A0000F8482 /* Assets.xcassets in Resources */ = {isa = PBXBuildFile; fileRef = C0A279143024E8A0000F8482 /* Assets.xcassets */; };
		C0A279543024E8A0000F8482 /* Assets.xcassets in Resources */ = {isa = PBXBuildFile; fileRef = C0A279143024E8A0000F8482 /* Assets.xcassets */; };
		C0A279553024E8A0000F8482 /* SafariWebExtensionHandler.swift in Sources */ = {isa = PBXBuildFile; fileRef = C0A279163024E8A0000F8482 /* SafariWebExtensionHandler.swift */; };
		C0A279563024E8A0000F8482 /* SafariWebExtensionHandler.swift in Sources */ = {isa = PBXBuildFile; fileRef = C0A279163024E8A0000F8482 /* SafariWebExtensionHandler.swift */; };
		C0A279723024E8A1000F8482 /* popup.js in Resources */ = {isa = PBXBuildFile; fileRef = C0A279683024E8A1000F8482 /* popup.js */; };
		C0A279733024E8A1000F8482 /* manifest.selfhosted.json in Resources */ = {isa = PBXBuildFile; fileRef = C0A279693024E8A1000F8482 /* manifest.selfhosted.json */; };
		C0A279743024E8A1000F8482 /* review.html in Resources */ = {isa = PBXBuildFile; fileRef = C0A2796A3024E8A1000F8482 /* review.html */; };
		C0A279753024E8A1000F8482 /* background.js in Resources */ = {isa = PBXBuildFile; fileRef = C0A2796B3024E8A1000F8482 /* background.js */; };
		C0A279763024E8A1000F8482 /* popup.html in Resources */ = {isa = PBXBuildFile; fileRef = C0A2796C3024E8A1000F8482 /* popup.html */; };
		C0A279773024E8A1000F8482 /* config.js in Resources */ = {isa = PBXBuildFile; fileRef = C0A2796D3024E8A1000F8482 /* config.js */; };
		C0A279783024E8A1000F8482 /* Icons in Resources */ = {isa = PBXBuildFile; fileRef = C0A2796E3024E8A1000F8482 /* Icons */; };
		C0A279793024E8A1000F8482 /* manifest.json in Resources */ = {isa = PBXBuildFile; fileRef = C0A2796F3024E8A1000F8482 /* manifest.json */; };
		C0A2797A3024E8A1000F8482 /* scale.js in Resources */ = {isa = PBXBuildFile; fileRef = C0A279703024E8A1000F8482 /* scale.js */; };
		C0A2797B3024E8A1000F8482 /* content.js in Resources */ = {isa = PBXBuildFile; fileRef = C0A279713024E8A1000F8482 /* content.js */; };
		C0A2797C3024E8A1000F8482 /* popup.js in Resources */ = {isa = PBXBuildFile; fileRef = C0A279683024E8A1000F8482 /* popup.js */; };
		C0A2797D3024E8A1000F8482 /* manifest.selfhosted.json in Resources */ = {isa = PBXBuildFile; fileRef = C0A279693024E8A1000F8482 /* manifest.selfhosted.json */; };
		C0A2797E3024E8A1000F8482 /* review.html in Resources */ = {isa = PBXBuildFile; fileRef = C0A2796A3024E8A1000F8482 /* review.html */; };
		C0A2797F3024E8A1000F8482 /* background.js in Resources */ = {isa = PBXBuildFile; fileRef = C0A2796B3024E8A1000F8482 /* background.js */; };
		C0A279803024E8A1000F8482 /* popup.html in Resources */ = {isa = PBXBuildFile; fileRef = C0A2796C3024E8A1000F8482 /* popup.html */; };
		C0A279813024E8A1000F8482 /* config.js in Resources */ = {isa = PBXBuildFile; fileRef = C0A2796D3024E8A1000F8482 /* config.js */; };
		C0A279823024E8A1000F8482 /* Icons in Resources */ = {isa = PBXBuildFile; fileRef = C0A2796E3024E8A1000F8482 /* Icons */; };
		C0A279833024E8A1000F8482 /* manifest.json in Resources */ = {isa = PBXBuildFile; fileRef = C0A2796F3024E8A1000F8482 /* manifest.json */; };
		C0A279843024E8A1000F8482 /* scale.js in Resources */ = {isa = PBXBuildFile; fileRef = C0A279703024E8A1000F8482 /* scale.js */; };
		C0A279853024E8A1000F8482 /* content.js in Resources */ = {isa = PBXBuildFile; fileRef = C0A279713024E8A1000F8482 /* content.js */; };
/* End PBXBuildFile section */

/* Begin PBXContainerItemProxy section */
		C0A2793B3024E8A0000F8482 /* PBXContainerItemProxy */ = {
			isa = PBXContainerItemProxy;
			containerPortal = C0A279083024E89F000F8482 /* Project object */;
			proxyType = 1;
			remoteGlobalIDString = C0A279383024E8A0000F8482;
			remoteInfo = "CODEX Extension (iOS)";
		};
		C0A279453024E8A0000F8482 /* PBXContainerItemProxy */ = {
			isa = PBXContainerItemProxy;
			containerPortal = C0A279083024E89F000F8482 /* Project object */;
			proxyType = 1;
			remoteGlobalIDString = C0A279423024E8A0000F8482;
			remoteInfo = "CODEX Extension (macOS)";
		};
/* End PBXContainerItemProxy section */

/* Begin PBXCopyFilesBuildPhase section */
		C0A2795C3024E8A0000F8482 /* Embed Foundation Extensions */ = {
			isa = PBXCopyFilesBuildPhase;
			buildActionMask = 2147483647;
			dstPath = "";
			dstSubfolderSpec = 13;
			files = (
				C0A2793A3024E8A0000F8482 /* CODEX Extension.appex in Embed Foundation Extensions */,
			);
			name = "Embed Foundation Extensions";
			runOnlyForDeploymentPostprocessing = 0;
		};
		C0A279633024E8A0000F8482 /* Embed Foundation Extensions */ = {
			isa = PBXCopyFilesBuildPhase;
			buildActionMask = 2147483647;
			dstPath = "";
			dstSubfolderSpec = 13;
			files = (
				C0A279443024E8A0000F8482 /* CODEX Extension.appex in Embed Foundation Extensions */,
			);
			name = "Embed Foundation Extensions";
			runOnlyForDeploymentPostprocessing = 0;
		};
/* End PBXCopyFilesBuildPhase section */

/* Begin PBXFileReference section */
		C0A2790F3024E89F000F8482 /* Base */ = {isa = PBXFileReference; lastKnownFileType = text.html; name = Base; path = Base.lproj/Main.html; sourceTree = "<group>"; };
		C0A279103024E89F000F8482 /* Icon.png */ = {isa = PBXFileReference; lastKnownFileType = image.png; path = Icon.png; sourceTree = "<group>"; };
		C0A279113024E89F000F8482 /* Style.css */ = {isa = PBXFileReference; lastKnownFileType = text.css; path = Style.css; sourceTree = "<group>"; };
		C0A279123024E89F000F8482 /* Script.js */ = {isa = PBXFileReference; lastKnownFileType = sourcecode.javascript; path = Script.js; sourceTree = "<group>"; };
		C0A279133024E89F000F8482 /* ViewController.swift */ = {isa = PBXFileReference; lastKnownFileType = sourcecode.swift; path = ViewController.swift; sourceTree = "<group>"; };
		C0A279143024E8A0000F8482 /* Assets.xcassets */ = {isa = PBXFileReference; lastKnownFileType = folder.assetcatalog; path = Assets.xcassets; sourceTree = "<group>"; };
		C0A279163024E8A0000F8482 /* SafariWebExtensionHandler.swift */ = {isa = PBXFileReference; lastKnownFileType = sourcecode.swift; path = SafariWebExtensionHandler.swift; sourceTree = "<group>"; };
		C0A2791B3024E8A0000F8482 /* CODEX.app */ = {isa = PBXFileReference; explicitFileType = wrapper.application; includeInIndex = 0; path = CODEX.app; sourceTree = BUILT_PRODUCTS_DIR; };
		C0A2791E3024E8A0000F8482 /* AppDelegate.swift */ = {isa = PBXFileReference; lastKnownFileType = sourcecode.swift; path = AppDelegate.swift; sourceTree = "<group>"; };
		C0A279203024E8A0000F8482 /* SceneDelegate.swift */ = {isa = PBXFileReference; lastKnownFileType = sourcecode.swift; path = SceneDelegate.swift; sourceTree = "<group>"; };
		C0A279233024E8A0000F8482 /* Base */ = {isa = PBXFileReference; lastKnownFileType = file.storyboard; name = Base; path = Base.lproj/LaunchScreen.storyboard; sourceTree = "<group>"; };
		C0A279263024E8A0000F8482 /* Base */ = {isa = PBXFileReference; lastKnownFileType = file.storyboard; name = Base; path = Base.lproj/Main.storyboard; sourceTree = "<group>"; };
		C0A279283024E8A0000F8482 /* Info.plist */ = {isa = PBXFileReference; lastKnownFileType = text.plist.xml; path = Info.plist; sourceTree = "<group>"; };
		C0A2792D3024E8A0000F8482 /* CODEX.app */ = {isa = PBXFileReference; explicitFileType = wrapper.application; includeInIndex = 0; path = CODEX.app; sourceTree = BUILT_PRODUCTS_DIR; };
		C0A2792F3024E8A0000F8482 /* AppDelegate.swift */ = {isa = PBXFileReference; lastKnownFileType = sourcecode.swift; path = AppDelegate.swift; sourceTree = "<group>"; };
		C0A279323024E8A0000F8482 /* Base */ = {isa = PBXFileReference; lastKnownFileType = file.storyboard; name = Base; path = Base.lproj/Main.storyboard; sourceTree = "<group>"; };
		C0A279343024E8A0000F8482 /* Info.plist */ = {isa = PBXFileReference; lastKnownFileType = text.plist.xml; path = Info.plist; sourceTree = "<group>"; };
		C0A279393024E8A0000F8482 /* CODEX Extension.appex */ = {isa = PBXFileReference; explicitFileType = "wrapper.app-extension"; includeInIndex = 0; path = "CODEX Extension.appex"; sourceTree = BUILT_PRODUCTS_DIR; };
		C0A2793E3024E8A0000F8482 /* Info.plist */ = {isa = PBXFileReference; lastKnownFileType = text.plist.xml; path = Info.plist; sourceTree = "<group>"; };
		C0A279433024E8A0000F8482 /* CODEX Extension.appex */ = {isa = PBXFileReference; explicitFileType = "wrapper.app-extension"; includeInIndex = 0; path = "CODEX Extension.appex"; sourceTree = BUILT_PRODUCTS_DIR; };
		C0A279483024E8A0000F8482 /* Info.plist */ = {isa = PBXFileReference; lastKnownFileType = text.plist.xml; path = Info.plist; sourceTree = "<group>"; };
		C0A279683024E8A1000F8482 /* popup.js */ = {isa = PBXFileReference; lastKnownFileType = sourcecode.javascript; name = popup.js; path = Resources/popup.js; sourceTree = "<group>"; };
		C0A279693024E8A1000F8482 /* manifest.selfhosted.json */ = {isa = PBXFileReference; lastKnownFileType = text.json; name = manifest.selfhosted.json; path = Resources/manifest.selfhosted.json; sourceTree = "<group>"; };
		C0A2796A3024E8A1000F8482 /* review.html */ = {isa = PBXFileReference; lastKnownFileType = text.html; name = review.html; path = Resources/review.html; sourceTree = "<group>"; };
		C0A2796B3024E8A1000F8482 /* background.js */ = {isa = PBXFileReference; lastKnownFileType = sourcecode.javascript; name = background.js; path = Resources/background.js; sourceTree = "<group>"; };
		C0A2796C3024E8A1000F8482 /* popup.html */ = {isa = PBXFileReference; lastKnownFileType = text.html; name = popup.html; path = Resources/popup.html; sourceTree = "<group>"; };
		C0A2796D3024E8A1000F8482 /* config.js */ = {isa = PBXFileReference; lastKnownFileType = sourcecode.javascript; name = config.js; path = Resources/config.js; sourceTree = "<group>"; };
		C0A2796E3024E8A1000F8482 /* Icons */ = {isa = PBXFileReference; lastKnownFileType = folder; name = Icons; path = Resources/Icons; sourceTree = "<group>"; };
		C0A2796F3024E8A1000F8482 /* manifest.json */ = {isa = PBXFileReference; lastKnownFileType = text.json; name = manifest.json; path = Resources/manifest.json; sourceTree = "<group>"; };
		C0A279703024E8A1000F8482 /* scale.js */ = {isa = PBXFileReference; lastKnownFileType = sourcecode.javascript; name = scale.js; path = Resources/scale.js; sourceTree = "<group>"; };
		C0A279713024E8A1000F8482 /* content.js */ = {isa = PBXFileReference; lastKnownFileType = sourcecode.javascript; name = content.js; path = Resources/content.js; sourceTree = "<group>"; };
/* End PBXFileReference section */

/* Begin PBXFrameworksBuildPhase section */
		C0A279183024E8A0000F8482 /* Frameworks */ = {
			isa = PBXFrameworksBuildPhase;
			buildActionMask = 2147483647;
			files = (
			);
			runOnlyForDeploymentPostprocessing = 0;
		};
		C0A2792A3024E8A0000F8482 /* Frameworks */ = {
			isa = PBXFrameworksBuildPhase;
			buildActionMask = 2147483647;
			files = (
			);
			runOnlyForDeploymentPostprocessing = 0;
		};
		C0A279363024E8A0000F8482 /* Frameworks */ = {
			isa = PBXFrameworksBuildPhase;
			buildActionMask = 2147483647;
			files = (
			);
			runOnlyForDeploymentPostprocessing = 0;
		};
		C0A279403024E8A0000F8482 /* Frameworks */ = {
			isa = PBXFrameworksBuildPhase;
			buildActionMask = 2147483647;
			files = (
			);
			runOnlyForDeploymentPostprocessing = 0;
		};
/* End PBXFrameworksBuildPhase section */

/* Begin PBXGroup section */
		C0A279073024E89F000F8482 = {
			isa = PBXGroup;
			children = (
				C0A2790C3024E89F000F8482 /* Shared (App) */,
				C0A279153024E8A0000F8482 /* Shared (Extension) */,
				C0A2791D3024E8A0000F8482 /* iOS (App) */,
				C0A2792E3024E8A0000F8482 /* macOS (App) */,
				C0A2793D3024E8A0000F8482 /* iOS (Extension) */,
				C0A279473024E8A0000F8482 /* macOS (Extension) */,
				C0A2791C3024E8A0000F8482 /* Products */,
			);
			sourceTree = "<group>";
		};
		C0A2790C3024E89F000F8482 /* Shared (App) */ = {
			isa = PBXGroup;
			children = (
				C0A279133024E89F000F8482 /* ViewController.swift */,
				C0A279143024E8A0000F8482 /* Assets.xcassets */,
				C0A2790D3024E89F000F8482 /* Resources */,
			);
			path = "Shared (App)";
			sourceTree = "<group>";
		};
		C0A2790D3024E89F000F8482 /* Resources */ = {
			isa = PBXGroup;
			children = (
				C0A2790E3024E89F000F8482 /* Main.html */,
				C0A279103024E89F000F8482 /* Icon.png */,
				C0A279113024E89F000F8482 /* Style.css */,
				C0A279123024E89F000F8482 /* Script.js */,
			);
			path = Resources;
			sourceTree = "<group>";
		};
		C0A279153024E8A0000F8482 /* Shared (Extension) */ = {
			isa = PBXGroup;
			children = (
				C0A279673024E8A1000F8482 /* Resources */,
				C0A279163024E8A0000F8482 /* SafariWebExtensionHandler.swift */,
			);
			path = "Shared (Extension)";
			sourceTree = "<group>";
		};
		C0A2791C3024E8A0000F8482 /* Products */ = {
			isa = PBXGroup;
			children = (
				C0A2791B3024E8A0000F8482 /* CODEX.app */,
				C0A2792D3024E8A0000F8482 /* CODEX.app */,
				C0A279393024E8A0000F8482 /* CODEX Extension.appex */,
				C0A279433024E8A0000F8482 /* CODEX Extension.appex */,
			);
			name = Products;
			sourceTree = "<group>";
		};
		C0A2791D3024E8A0000F8482 /* iOS (App) */ = {
			isa = PBXGroup;
			children = (
				C0A2791E3024E8A0000F8482 /* AppDelegate.swift */,
				C0A279203024E8A0000F8482 /* SceneDelegate.swift */,
				C0A279223024E8A0000F8482 /* LaunchScreen.storyboard */,
				C0A279253024E8A0000F8482 /* Main.storyboard */,
				C0A279283024E8A0000F8482 /* Info.plist */,
			);
			path = "iOS (App)";
			sourceTree = "<group>";
		};
		C0A2792E3024E8A0000F8482 /* macOS (App) */ = {
			isa = PBXGroup;
			children = (
				C0A2792F3024E8A0000F8482 /* AppDelegate.swift */,
				C0A279313024E8A0000F8482 /* Main.storyboard */,
				C0A279343024E8A0000F8482 /* Info.plist */,
			);
			path = "macOS (App)";
			sourceTree = "<group>";
		};
		C0A2793D3024E8A0000F8482 /* iOS (Extension) */ = {
			isa = PBXGroup;
			children = (
				C0A2793E3024E8A0000F8482 /* Info.plist */,
			);
			path = "iOS (Extension)";
			sourceTree = "<group>";
		};
		C0A279473024E8A0000F8482 /* macOS (Extension) */ = {
			isa = PBXGroup;
			children = (
				C0A279483024E8A0000F8482 /* Info.plist */,
			);
			path = "macOS (Extension)";
			sourceTree = "<group>";
		};
		C0A279673024E8A1000F8482 /* Resources */ = {
			isa = PBXGroup;
			children = (
				C0A279683024E8A1000F8482 /* popup.js */,
				C0A279693024E8A1000F8482 /* manifest.selfhosted.json */,
				C0A2796A3024E8A1000F8482 /* review.html */,
				C0A2796B3024E8A1000F8482 /* background.js */,
				C0A2796C3024E8A1000F8482 /* popup.html */,
				C0A2796D3024E8A1000F8482 /* config.js */,
				C0A2796E3024E8A1000F8482 /* Icons */,
				C0A2796F3024E8A1000F8482 /* manifest.json */,
				C0A279703024E8A1000F8482 /* scale.js */,
				C0A279713024E8A1000F8482 /* content.js */,
			);
			name = Resources;
			path = "Shared (Extension)";
			sourceTree = SOURCE_ROOT;
		};
/* End PBXGroup section */

/* Begin PBXNativeTarget section */
		C0A2791A3024E8A0000F8482 /* CODEX (iOS) */ = {
			isa = PBXNativeTarget;
			buildConfigurationList = C0A2795D3024E8A0000F8482 /* Build configuration list for PBXNativeTarget "CODEX (iOS)" */;
			buildPhases = (
				C0A279173024E8A0000F8482 /* Sources */,
				C0A279183024E8A0000F8482 /* Frameworks */,
				C0A279193024E8A0000F8482 /* Resources */,
				C0A2795C3024E8A0000F8482 /* Embed Foundation Extensions */,
			);
			buildRules = (
			);
			dependencies = (
				C0A2793C3024E8A0000F8482 /* PBXTargetDependency */,
			);
			name = "CODEX (iOS)";
			packageProductDependencies = (
			);
			productName = "CODEX (iOS)";
			productReference = C0A2791B3024E8A0000F8482 /* CODEX.app */;
			productType = "com.apple.product-type.application";
		};
		C0A2792C3024E8A0000F8482 /* CODEX (macOS) */ = {
			isa = PBXNativeTarget;
			buildConfigurationList = C0A279643024E8A0000F8482 /* Build configuration list for PBXNativeTarget "CODEX (macOS)" */;
			buildPhases = (
				C0A279293024E8A0000F8482 /* Sources */,
				C0A2792A3024E8A0000F8482 /* Frameworks */,
				C0A2792B3024E8A0000F8482 /* Resources */,
				C0A279633024E8A0000F8482 /* Embed Foundation Extensions */,
			);
			buildRules = (
			);
			dependencies = (
				C0A279463024E8A0000F8482 /* PBXTargetDependency */,
			);
			name = "CODEX (macOS)";
			packageProductDependencies = (
			);
			productName = "CODEX (macOS)";
			productReference = C0A2792D3024E8A0000F8482 /* CODEX.app */;
			productType = "com.apple.product-type.application";
		};
		C0A279383024E8A0000F8482 /* CODEX Extension (iOS) */ = {
			isa = PBXNativeTarget;
			buildConfigurationList = C0A279593024E8A0000F8482 /* Build configuration list for PBXNativeTarget "CODEX Extension (iOS)" */;
			buildPhases = (
				C0A279353024E8A0000F8482 /* Sources */,
				C0A279363024E8A0000F8482 /* Frameworks */,
				C0A279373024E8A0000F8482 /* Resources */,
			);
			buildRules = (
			);
			dependencies = (
			);
			name = "CODEX Extension (iOS)";
			packageProductDependencies = (
			);
			productName = "CODEX Extension (iOS)";
			productReference = C0A279393024E8A0000F8482 /* CODEX Extension.appex */;
			productType = "com.apple.product-type.app-extension";
		};
		C0A279423024E8A0000F8482 /* CODEX Extension (macOS) */ = {
			isa = PBXNativeTarget;
			buildConfigurationList = C0A279603024E8A0000F8482 /* Build configuration list for PBXNativeTarget "CODEX Extension (macOS)" */;
			buildPhases = (
				C0A2793F3024E8A0000F8482 /* Sources */,
				C0A279403024E8A0000F8482 /* Frameworks */,
				C0A279413024E8A0000F8482 /* Resources */,
			);
			buildRules = (
			);
			dependencies = (
			);
			name = "CODEX Extension (macOS)";
			packageProductDependencies = (
			);
			productName = "CODEX Extension (macOS)";
			productReference = C0A279433024E8A0000F8482 /* CODEX Extension.appex */;
			productType = "com.apple.product-type.app-extension";
		};
/* End PBXNativeTarget section */

/* Begin PBXProject section */
		C0A279083024E89F000F8482 /* Project object */ = {
			isa = PBXProject;
			attributes = {
				BuildIndependentTargetsInParallel = 1;
				LastSwiftUpdateCheck = 2660;
				LastUpgradeCheck = 2660;
				TargetAttributes = {
					C0A2791A3024E8A0000F8482 = {
						CreatedOnToolsVersion = 26.6;
					};
					C0A2792C3024E8A0000F8482 = {
						CreatedOnToolsVersion = 26.6;
					};
					C0A279383024E8A0000F8482 = {
						CreatedOnToolsVersion = 26.6;
					};
					C0A279423024E8A0000F8482 = {
						CreatedOnToolsVersion = 26.6;
					};
				};
			};
			buildConfigurationList = C0A2790B3024E89F000F8482 /* Build configuration list for PBXProject "CODEX" */;
			developmentRegion = en;
			hasScannedForEncodings = 0;
			knownRegions = (
				en,
				Base,
			);
			mainGroup = C0A279073024E89F000F8482;
			minimizedProjectReferenceProxies = 1;
			preferredProjectObjectVersion = 77;
			productRefGroup = C0A2791C3024E8A0000F8482 /* Products */;
			projectDirPath = "";
			projectRoot = "";
			targets = (
				C0A2791A3024E8A0000F8482 /* CODEX (iOS) */,
				C0A2792C3024E8A0000F8482 /* CODEX (macOS) */,
				C0A279383024E8A0000F8482 /* CODEX Extension (iOS) */,
				C0A279423024E8A0000F8482 /* CODEX Extension (macOS) */,
			);
		};
/* End PBXProject section */

/* Begin PBXResourcesBuildPhase section */
		C0A279193024E8A0000F8482 /* Resources */ = {
			isa = PBXResourcesBuildPhase;
			buildActionMask = 2147483647;
			files = (
				C0A2794B3024E8A0000F8482 /* Icon.png in Resources */,
				C0A279243024E8A0000F8482 /* LaunchScreen.storyboard in Resources */,
				C0A279493024E8A0000F8482 /* Main.html in Resources */,
				C0A2794F3024E8A0000F8482 /* Script.js in Resources */,
				C0A279533024E8A0000F8482 /* Assets.xcassets in Resources */,
				C0A279273024E8A0000F8482 /* Main.storyboard in Resources */,
				C0A2794D3024E8A0000F8482 /* Style.css in Resources */,
			);
			runOnlyForDeploymentPostprocessing = 0;
		};
		C0A2792B3024E8A0000F8482 /* Resources */ = {
			isa = PBXResourcesBuildPhase;
			buildActionMask = 2147483647;
			files = (
				C0A2794C3024E8A0000F8482 /* Icon.png in Resources */,
				C0A2794E3024E8A0000F8482 /* Style.css in Resources */,
				C0A279333024E8A0000F8482 /* Main.storyboard in Resources */,
				C0A279503024E8A0000F8482 /* Script.js in Resources */,
				C0A279543024E8A0000F8482 /* Assets.xcassets in Resources */,
				C0A2794A3024E8A0000F8482 /* Main.html in Resources */,
			);
			runOnlyForDeploymentPostprocessing = 0;
		};
		C0A279373024E8A0000F8482 /* Resources */ = {
			isa = PBXResourcesBuildPhase;
			buildActionMask = 2147483647;
			files = (
				C0A279823024E8A1000F8482 /* Icons in Resources */,
				C0A279813024E8A1000F8482 /* config.js in Resources */,
				C0A2797F3024E8A1000F8482 /* background.js in Resources */,
				C0A279803024E8A1000F8482 /* popup.html in Resources */,
				C0A279853024E8A1000F8482 /* content.js in Resources */,
				C0A279833024E8A1000F8482 /* manifest.json in Resources */,
				C0A279843024E8A1000F8482 /* scale.js in Resources */,
				C0A2797E3024E8A1000F8482 /* review.html in Resources */,
				C0A2797D3024E8A1000F8482 /* manifest.selfhosted.json in Resources */,
				C0A2797C3024E8A1000F8482 /* popup.js in Resources */,
			);
			runOnlyForDeploymentPostprocessing = 0;
		};
		C0A279413024E8A0000F8482 /* Resources */ = {
			isa = PBXResourcesBuildPhase;
			buildActionMask = 2147483647;
			files = (
				C0A279783024E8A1000F8482 /* Icons in Resources */,
				C0A279773024E8A1000F8482 /* config.js in Resources */,
				C0A279753024E8A1000F8482 /* background.js in Resources */,
				C0A279763024E8A1000F8482 /* popup.html in Resources */,
				C0A2797B3024E8A1000F8482 /* content.js in Resources */,
				C0A279793024E8A1000F8482 /* manifest.json in Resources */,
				C0A2797A3024E8A1000F8482 /* scale.js in Resources */,
				C0A279743024E8A1000F8482 /* review.html in Resources */,
				C0A279733024E8A1000F8482 /* manifest.selfhosted.json in Resources */,
				C0A279723024E8A1000F8482 /* popup.js in Resources */,
			);
			runOnlyForDeploymentPostprocessing = 0;
		};
/* End PBXResourcesBuildPhase section */

/* Begin PBXSourcesBuildPhase section */
		C0A279173024E8A0000F8482 /* Sources */ = {
			isa = PBXSourcesBuildPhase;
			buildActionMask = 2147483647;
			files = (
				C0A279513024E8A0000F8482 /* ViewController.swift in Sources */,
				C0A2791F3024E8A0000F8482 /* AppDelegate.swift in Sources */,
				C0A279213024E8A0000F8482 /* SceneDelegate.swift in Sources */,
			);
			runOnlyForDeploymentPostprocessing = 0;
		};
		C0A279293024E8A0000F8482 /* Sources */ = {
			isa = PBXSourcesBuildPhase;
			buildActionMask = 2147483647;
			files = (
				C0A279523024E8A0000F8482 /* ViewController.swift in Sources */,
				C0A279303024E8A0000F8482 /* AppDelegate.swift in Sources */,
			);
			runOnlyForDeploymentPostprocessing = 0;
		};
		C0A279353024E8A0000F8482 /* Sources */ = {
			isa = PBXSourcesBuildPhase;
			buildActionMask = 2147483647;
			files = (
				C0A279553024E8A0000F8482 /* SafariWebExtensionHandler.swift in Sources */,
			);
			runOnlyForDeploymentPostprocessing = 0;
		};
		C0A2793F3024E8A0000F8482 /* Sources */ = {
			isa = PBXSourcesBuildPhase;
			buildActionMask = 2147483647;
			files = (
				C0A279563024E8A0000F8482 /* SafariWebExtensionHandler.swift in Sources */,
			);
			runOnlyForDeploymentPostprocessing = 0;
		};
/* End PBXSourcesBuildPhase section */

/* Begin PBXTargetDependency section */
		C0A2793C3024E8A0000F8482 /* PBXTargetDependency */ = {
			isa = PBXTargetDependency;
			target = C0A279383024E8A0000F8482 /* CODEX Extension (iOS) */;
			targetProxy = C0A2793B3024E8A0000F8482 /* PBXContainerItemProxy */;
		};
		C0A279463024E8A0000F8482 /* PBXTargetDependency */ = {
			isa = PBXTargetDependency;
			target = C0A279423024E8A0000F8482 /* CODEX Extension (macOS) */;
			targetProxy = C0A279453024E8A0000F8482 /* PBXContainerItemProxy */;
		};
/* End PBXTargetDependency section */

/* Begin PBXVariantGroup section */
		C0A2790E3024E89F000F8482 /* Main.html */ = {
			isa = PBXVariantGroup;
			children = (
				C0A2790F3024E89F000F8482 /* Base */,
			);
			name = Main.html;
			sourceTree = "<group>";
		};
		C0A279223024E8A0000F8482 /* LaunchScreen.storyboard */ = {
			isa = PBXVariantGroup;
			children = (
				C0A279233024E8A0000F8482 /* Base */,
			);
			name = LaunchScreen.storyboard;
			sourceTree = "<group>";
		};
		C0A279253024E8A0000F8482 /* Main.storyboard */ = {
			isa = PBXVariantGroup;
			children = (
				C0A279263024E8A0000F8482 /* Base */,
			);
			name = Main.storyboard;
			sourceTree = "<group>";
		};
		C0A279313024E8A0000F8482 /* Main.storyboard */ = {
			isa = PBXVariantGroup;
			children = (
				C0A279323024E8A0000F8482 /* Base */,
			);
			name = Main.storyboard;
			sourceTree = "<group>";
		};
/* End PBXVariantGroup section */

/* Begin XCBuildConfiguration section */
		C0A279573024E8A0000F8482 /* Debug */ = {
			isa = XCBuildConfiguration;
			buildSettings = {
				ALWAYS_SEARCH_USER_PATHS = NO;
				ASSETCATALOG_COMPILER_GENERATE_SWIFT_ASSET_SYMBOL_EXTENSIONS = YES;
				CLANG_ANALYZER_NONNULL = YES;
				CLANG_ANALYZER_NUMBER_OBJECT_CONVERSION = YES_AGGRESSIVE;
				CLANG_CXX_LANGUAGE_STANDARD = "gnu++20";
				CLANG_ENABLE_MODULES = YES;
				CLANG_ENABLE_OBJC_ARC = YES;
				CLANG_ENABLE_OBJC_WEAK = YES;
				CLANG_WARN_BLOCK_CAPTURE_AUTORELEASING = YES;
				CLANG_WARN_BOOL_CONVERSION = YES;
				CLANG_WARN_COMMA = YES;
				CLANG_WARN_CONSTANT_CONVERSION = YES;
				CLANG_WARN_DEPRECATED_OBJC_IMPLEMENTATIONS = YES;
				CLANG_WARN_DIRECT_OBJC_ISA_USAGE = YES_ERROR;
				CLANG_WARN_DOCUMENTATION_COMMENTS = YES;
				CLANG_WARN_EMPTY_BODY = YES;
				CLANG_WARN_ENUM_CONVERSION = YES;
				CLANG_WARN_INFINITE_RECURSION = YES;
				CLANG_WARN_INT_CONVERSION = YES;
				CLANG_WARN_NON_LITERAL_NULL_CONVERSION = YES;
				CLANG_WARN_OBJC_IMPLICIT_RETAIN_SELF = YES;
				CLANG_WARN_OBJC_LITERAL_CONVERSION = YES;
				CLANG_WARN_OBJC_ROOT_CLASS = YES_ERROR;
				CLANG_WARN_QUOTED_INCLUDE_IN_FRAMEWORK_HEADER = YES;
				CLANG_WARN_RANGE_LOOP_ANALYSIS = YES;
				CLANG_WARN_STRICT_PROTOTYPES = YES;
				CLANG_WARN_SUSPICIOUS_MOVE = YES;
				CLANG_WARN_UNGUARDED_AVAILABILITY = YES_AGGRESSIVE;
				CLANG_WARN_UNREACHABLE_CODE = YES;
				CLANG_WARN__DUPLICATE_METHOD_MATCH = YES;
				COPY_PHASE_STRIP = NO;
				DEBUG_INFORMATION_FORMAT = dwarf;
				ENABLE_STRICT_OBJC_MSGSEND = YES;
				ENABLE_TESTABILITY = YES;
				ENABLE_USER_SCRIPT_SANDBOXING = YES;
				GCC_C_LANGUAGE_STANDARD = gnu17;
				GCC_DYNAMIC_NO_PIC = NO;
				GCC_NO_COMMON_BLOCKS = YES;
				GCC_OPTIMIZATION_LEVEL = 0;
				GCC_PREPROCESSOR_DEFINITIONS = (
					"DEBUG=1",
					"$(inherited)",
				);
				GCC_WARN_64_TO_32_BIT_CONVERSION = YES;
				GCC_WARN_ABOUT_RETURN_TYPE = YES_ERROR;
				GCC_WARN_UNDECLARED_SELECTOR = YES;
				GCC_WARN_UNINITIALIZED_AUTOS = YES_AGGRESSIVE;
				GCC_WARN_UNUSED_FUNCTION = YES;
				GCC_WARN_UNUSED_VARIABLE = YES;
				LOCALIZATION_PREFERS_STRING_CATALOGS = YES;
				MTL_ENABLE_DEBUG_INFO = INCLUDE_SOURCE;
				MTL_FAST_MATH = YES;
				ONLY_ACTIVE_ARCH = YES;
				SWIFT_ACTIVE_COMPILATION_CONDITIONS = "DEBUG $(inherited)";
				SWIFT_OPTIMIZATION_LEVEL = "-Onone";
			};
			name = Debug;
		};
		C0A279583024E8A0000F8482 /* Release */ = {
			isa = XCBuildConfiguration;
			buildSettings = {
				ALWAYS_SEARCH_USER_PATHS = NO;
				ASSETCATALOG_COMPILER_GENERATE_SWIFT_ASSET_SYMBOL_EXTENSIONS = YES;
				CLANG_ANALYZER_NONNULL = YES;
				CLANG_ANALYZER_NUMBER_OBJECT_CONVERSION = YES_AGGRESSIVE;
				CLANG_CXX_LANGUAGE_STANDARD = "gnu++20";
				CLANG_ENABLE_MODULES = YES;
				CLANG_ENABLE_OBJC_ARC = YES;
				CLANG_ENABLE_OBJC_WEAK = YES;
				CLANG_WARN_BLOCK_CAPTURE_AUTORELEASING = YES;
				CLANG_WARN_BOOL_CONVERSION = YES;
				CLANG_WARN_COMMA = YES;
				CLANG_WARN_CONSTANT_CONVERSION = YES;
				CLANG_WARN_DEPRECATED_OBJC_IMPLEMENTATIONS = YES;
				CLANG_WARN_DIRECT_OBJC_ISA_USAGE = YES_ERROR;
				CLANG_WARN_DOCUMENTATION_COMMENTS = YES;
				CLANG_WARN_EMPTY_BODY = YES;
				CLANG_WARN_ENUM_CONVERSION = YES;
				CLANG_WARN_INFINITE_RECURSION = YES;
				CLANG_WARN_INT_CONVERSION = YES;
				CLANG_WARN_NON_LITERAL_NULL_CONVERSION = YES;
				CLANG_WARN_OBJC_IMPLICIT_RETAIN_SELF = YES;
				CLANG_WARN_OBJC_LITERAL_CONVERSION = YES;
				CLANG_WARN_OBJC_ROOT_CLASS = YES_ERROR;
				CLANG_WARN_QUOTED_INCLUDE_IN_FRAMEWORK_HEADER = YES;
				CLANG_WARN_RANGE_LOOP_ANALYSIS = YES;
				CLANG_WARN_STRICT_PROTOTYPES = YES;
				CLANG_WARN_SUSPICIOUS_MOVE = YES;
				CLANG_WARN_UNGUARDED_AVAILABILITY = YES_AGGRESSIVE;
				CLANG_WARN_UNREACHABLE_CODE = YES;
				CLANG_WARN__DUPLICATE_METHOD_MATCH = YES;
				COPY_PHASE_STRIP = NO;
				DEBUG_INFORMATION_FORMAT = "dwarf-with-dsym";
				ENABLE_NS_ASSERTIONS = NO;
				ENABLE_STRICT_OBJC_MSGSEND = YES;
				ENABLE_USER_SCRIPT_SANDBOXING = YES;
				GCC_C_LANGUAGE_STANDARD = gnu17;
				GCC_NO_COMMON_BLOCKS = YES;
				GCC_WARN_64_TO_32_BIT_CONVERSION = YES;
				GCC_WARN_ABOUT_RETURN_TYPE = YES_ERROR;
				GCC_WARN_UNDECLARED_SELECTOR = YES;
				GCC_WARN_UNINITIALIZED_AUTOS = YES_AGGRESSIVE;
				GCC_WARN_UNUSED_FUNCTION = YES;
				GCC_WARN_UNUSED_VARIABLE = YES;
				LOCALIZATION_PREFERS_STRING_CATALOGS = YES;
				MTL_ENABLE_DEBUG_INFO = NO;
				MTL_FAST_MATH = YES;
				SWIFT_COMPILATION_MODE = wholemodule;
			};
			name = Release;
		};
		C0A2795A3024E8A0000F8482 /* Debug */ = {
			isa = XCBuildConfiguration;
			buildSettings = {
				CODE_SIGN_STYLE = Automatic;
				CURRENT_PROJECT_VERSION = 1;
				GENERATE_INFOPLIST_FILE = YES;
				INFOPLIST_FILE = "iOS (Extension)/Info.plist";
				INFOPLIST_KEY_CFBundleDisplayName = "CODEX Extension";
				INFOPLIST_KEY_NSHumanReadableCopyright = "";
				IPHONEOS_DEPLOYMENT_TARGET = 15.0;
				LD_RUNPATH_SEARCH_PATHS = (
					"$(inherited)",
					"@executable_path/Frameworks",
					"@executable_path/../../Frameworks",
				);
				MARKETING_VERSION = 1.0;
				OTHER_LDFLAGS = (
					"-framework",
					SafariServices,
				);
				PRODUCT_BUNDLE_IDENTIFIER = pro.kramer.codex.Extension;
				PRODUCT_NAME = "CODEX Extension";
				SDKROOT = iphoneos;
				SKIP_INSTALL = YES;
				STRING_CATALOG_GENERATE_SYMBOLS = YES;
				SWIFT_APPROACHABLE_CONCURRENCY = YES;
				SWIFT_EMIT_LOC_STRINGS = YES;
				SWIFT_UPCOMING_FEATURE_MEMBER_IMPORT_VISIBILITY = YES;
				SWIFT_VERSION = 5.0;
				TARGETED_DEVICE_FAMILY = "1,2";
			};
			name = Debug;
		};
		C0A2795B3024E8A0000F8482 /* Release */ = {
			isa = XCBuildConfiguration;
			buildSettings = {
				CODE_SIGN_STYLE = Automatic;
				CURRENT_PROJECT_VERSION = 1;
				GENERATE_INFOPLIST_FILE = YES;
				INFOPLIST_FILE = "iOS (Extension)/Info.plist";
				INFOPLIST_KEY_CFBundleDisplayName = "CODEX Extension";
				INFOPLIST_KEY_NSHumanReadableCopyright = "";
				IPHONEOS_DEPLOYMENT_TARGET = 15.0;
				LD_RUNPATH_SEARCH_PATHS = (
					"$(inherited)",
					"@executable_path/Frameworks",
					"@executable_path/../../Frameworks",
				);
				MARKETING_VERSION = 1.0;
				OTHER_LDFLAGS = (
					"-framework",
					SafariServices,
				);
				PRODUCT_BUNDLE_IDENTIFIER = pro.kramer.codex.Extension;
				PRODUCT_NAME = "CODEX Extension";
				SDKROOT = iphoneos;
				SKIP_INSTALL = YES;
				STRING_CATALOG_GENERATE_SYMBOLS = YES;
				SWIFT_APPROACHABLE_CONCURRENCY = YES;
				SWIFT_EMIT_LOC_STRINGS = YES;
				SWIFT_UPCOMING_FEATURE_MEMBER_IMPORT_VISIBILITY = YES;
				SWIFT_VERSION = 5.0;
				TARGETED_DEVICE_FAMILY = "1,2";
				VALIDATE_PRODUCT = YES;
			};
			name = Release;
		};
		C0A2795E3024E8A0000F8482 /* Debug */ = {
			isa = XCBuildConfiguration;
			buildSettings = {
				ASSETCATALOG_COMPILER_APPICON_NAME = AppIcon;
				ASSETCATALOG_COMPILER_GLOBAL_ACCENT_COLOR_NAME = AccentColor;
				CODE_SIGN_STYLE = Automatic;
				CURRENT_PROJECT_VERSION = 1;
				GENERATE_INFOPLIST_FILE = YES;
				INFOPLIST_FILE = "iOS (App)/Info.plist";
				INFOPLIST_KEY_CFBundleDisplayName = CODEX;
				INFOPLIST_KEY_UIApplicationSupportsIndirectInputEvents = YES;
				INFOPLIST_KEY_UILaunchStoryboardName = LaunchScreen;
				INFOPLIST_KEY_UIMainStoryboardFile = Main;
				INFOPLIST_KEY_UISupportedInterfaceOrientations = "UIInterfaceOrientationPortrait UIInterfaceOrientationLandscapeLeft UIInterfaceOrientationLandscapeRight";
				INFOPLIST_KEY_UISupportedInterfaceOrientations_iPad = "UIInterfaceOrientationPortrait UIInterfaceOrientationPortraitUpsideDown UIInterfaceOrientationLandscapeLeft UIInterfaceOrientationLandscapeRight";
				IPHONEOS_DEPLOYMENT_TARGET = 15.0;
				LD_RUNPATH_SEARCH_PATHS = (
					"$(inherited)",
					"@executable_path/Frameworks",
				);
				MARKETING_VERSION = 1.0;
				OTHER_LDFLAGS = (
					"-framework",
					SafariServices,
					"-framework",
					WebKit,
				);
				PRODUCT_BUNDLE_IDENTIFIER = pro.kramer.codex;
				PRODUCT_NAME = CODEX;
				SDKROOT = iphoneos;
				STRING_CATALOG_GENERATE_SYMBOLS = YES;
				SWIFT_APPROACHABLE_CONCURRENCY = YES;
				SWIFT_DEFAULT_ACTOR_ISOLATION = MainActor;
				SWIFT_EMIT_LOC_STRINGS = YES;
				SWIFT_UPCOMING_FEATURE_MEMBER_IMPORT_VISIBILITY = YES;
				SWIFT_VERSION = 5.0;
				TARGETED_DEVICE_FAMILY = "1,2";
			};
			name = Debug;
		};
		C0A2795F3024E8A0000F8482 /* Release */ = {
			isa = XCBuildConfiguration;
			buildSettings = {
				ASSETCATALOG_COMPILER_APPICON_NAME = AppIcon;
				ASSETCATALOG_COMPILER_GLOBAL_ACCENT_COLOR_NAME = AccentColor;
				CODE_SIGN_STYLE = Automatic;
				CURRENT_PROJECT_VERSION = 1;
				GENERATE_INFOPLIST_FILE = YES;
				INFOPLIST_FILE = "iOS (App)/Info.plist";
				INFOPLIST_KEY_CFBundleDisplayName = CODEX;
				INFOPLIST_KEY_UIApplicationSupportsIndirectInputEvents = YES;
				INFOPLIST_KEY_UILaunchStoryboardName = LaunchScreen;
				INFOPLIST_KEY_UIMainStoryboardFile = Main;
				INFOPLIST_KEY_UISupportedInterfaceOrientations = "UIInterfaceOrientationPortrait UIInterfaceOrientationLandscapeLeft UIInterfaceOrientationLandscapeRight";
				INFOPLIST_KEY_UISupportedInterfaceOrientations_iPad = "UIInterfaceOrientationPortrait UIInterfaceOrientationPortraitUpsideDown UIInterfaceOrientationLandscapeLeft UIInterfaceOrientationLandscapeRight";
				IPHONEOS_DEPLOYMENT_TARGET = 15.0;
				LD_RUNPATH_SEARCH_PATHS = (
					"$(inherited)",
					"@executable_path/Frameworks",
				);
				MARKETING_VERSION = 1.0;
				OTHER_LDFLAGS = (
					"-framework",
					SafariServices,
					"-framework",
					WebKit,
				);
				PRODUCT_BUNDLE_IDENTIFIER = pro.kramer.codex;
				PRODUCT_NAME = CODEX;
				SDKROOT = iphoneos;
				STRING_CATALOG_GENERATE_SYMBOLS = YES;
				SWIFT_APPROACHABLE_CONCURRENCY = YES;
				SWIFT_DEFAULT_ACTOR_ISOLATION = MainActor;
				SWIFT_EMIT_LOC_STRINGS = YES;
				SWIFT_UPCOMING_FEATURE_MEMBER_IMPORT_VISIBILITY = YES;
				SWIFT_VERSION = 5.0;
				TARGETED_DEVICE_FAMILY = "1,2";
				VALIDATE_PRODUCT = YES;
			};
			name = Release;
		};
		C0A279613024E8A0000F8482 /* Debug */ = {
			isa = XCBuildConfiguration;
			buildSettings = {
				CODE_SIGN_STYLE = Automatic;
				CURRENT_PROJECT_VERSION = 1;
				ENABLE_APP_SANDBOX = YES;
				ENABLE_HARDENED_RUNTIME = YES;
				ENABLE_USER_SELECTED_FILES = readonly;
				GENERATE_INFOPLIST_FILE = YES;
				INFOPLIST_FILE = "macOS (Extension)/Info.plist";
				INFOPLIST_KEY_CFBundleDisplayName = "CODEX Extension";
				INFOPLIST_KEY_NSHumanReadableCopyright = "";
				LD_RUNPATH_SEARCH_PATHS = (
					"$(inherited)",
					"@executable_path/../Frameworks",
					"@executable_path/../../../../Frameworks",
				);
				MACOSX_DEPLOYMENT_TARGET = 10.14;
				MARKETING_VERSION = 1.0;
				OTHER_LDFLAGS = (
					"-framework",
					SafariServices,
				);
				PRODUCT_BUNDLE_IDENTIFIER = pro.kramer.codex.Extension;
				PRODUCT_NAME = "CODEX Extension";
				SDKROOT = macosx;
				SKIP_INSTALL = YES;
				STRING_CATALOG_GENERATE_SYMBOLS = YES;
				SWIFT_APPROACHABLE_CONCURRENCY = YES;
				SWIFT_EMIT_LOC_STRINGS = YES;
				SWIFT_UPCOMING_FEATURE_MEMBER_IMPORT_VISIBILITY = YES;
				SWIFT_VERSION = 5.0;
			};
			name = Debug;
		};
		C0A279623024E8A0000F8482 /* Release */ = {
			isa = XCBuildConfiguration;
			buildSettings = {
				CODE_SIGN_STYLE = Automatic;
				CURRENT_PROJECT_VERSION = 1;
				ENABLE_APP_SANDBOX = YES;
				ENABLE_HARDENED_RUNTIME = YES;
				ENABLE_USER_SELECTED_FILES = readonly;
				GENERATE_INFOPLIST_FILE = YES;
				INFOPLIST_FILE = "macOS (Extension)/Info.plist";
				INFOPLIST_KEY_CFBundleDisplayName = "CODEX Extension";
				INFOPLIST_KEY_NSHumanReadableCopyright = "";
				LD_RUNPATH_SEARCH_PATHS = (
					"$(inherited)",
					"@executable_path/../Frameworks",
					"@executable_path/../../../../Frameworks",
				);
				MACOSX_DEPLOYMENT_TARGET = 10.14;
				MARKETING_VERSION = 1.0;
				OTHER_LDFLAGS = (
					"-framework",
					SafariServices,
				);
				PRODUCT_BUNDLE_IDENTIFIER = pro.kramer.codex.Extension;
				PRODUCT_NAME = "CODEX Extension";
				SDKROOT = macosx;
				SKIP_INSTALL = YES;
				STRING_CATALOG_GENERATE_SYMBOLS = YES;
				SWIFT_APPROACHABLE_CONCURRENCY = YES;
				SWIFT_EMIT_LOC_STRINGS = YES;
				SWIFT_UPCOMING_FEATURE_MEMBER_IMPORT_VISIBILITY = YES;
				SWIFT_VERSION = 5.0;
			};
			name = Release;
		};
		C0A279653024E8A0000F8482 /* Debug */ = {
			isa = XCBuildConfiguration;
			buildSettings = {
				ASSETCATALOG_COMPILER_APPICON_NAME = AppIcon;
				ASSETCATALOG_COMPILER_GLOBAL_ACCENT_COLOR_NAME = AccentColor;
				CODE_SIGN_STYLE = Automatic;
				CURRENT_PROJECT_VERSION = 1;
				ENABLE_APP_SANDBOX = YES;
				ENABLE_HARDENED_RUNTIME = YES;
				ENABLE_OUTGOING_NETWORK_CONNECTIONS = YES;
				ENABLE_USER_SELECTED_FILES = readonly;
				GENERATE_INFOPLIST_FILE = YES;
				INFOPLIST_FILE = "macOS (App)/Info.plist";
				INFOPLIST_KEY_CFBundleDisplayName = CODEX;
				INFOPLIST_KEY_NSMainStoryboardFile = Main;
				INFOPLIST_KEY_NSPrincipalClass = NSApplication;
				LD_RUNPATH_SEARCH_PATHS = (
					"$(inherited)",
					"@executable_path/../Frameworks",
				);
				MACOSX_DEPLOYMENT_TARGET = 10.14;
				MARKETING_VERSION = 1.0;
				OTHER_LDFLAGS = (
					"-framework",
					SafariServices,
					"-framework",
					WebKit,
				);
				PRODUCT_BUNDLE_IDENTIFIER = pro.kramer.codex;
				PRODUCT_NAME = CODEX;
				REGISTER_APP_GROUPS = YES;
				SDKROOT = macosx;
				STRING_CATALOG_GENERATE_SYMBOLS = YES;
				SWIFT_APPROACHABLE_CONCURRENCY = YES;
				SWIFT_DEFAULT_ACTOR_ISOLATION = MainActor;
				SWIFT_EMIT_LOC_STRINGS = YES;
				SWIFT_UPCOMING_FEATURE_MEMBER_IMPORT_VISIBILITY = YES;
				SWIFT_VERSION = 5.0;
			};
			name = Debug;
		};
		C0A279663024E8A0000F8482 /* Release */ = {
			isa = XCBuildConfiguration;
			buildSettings = {
				ASSETCATALOG_COMPILER_APPICON_NAME = AppIcon;
				ASSETCATALOG_COMPILER_GLOBAL_ACCENT_COLOR_NAME = AccentColor;
				CODE_SIGN_STYLE = Automatic;
				CURRENT_PROJECT_VERSION = 1;
				ENABLE_APP_SANDBOX = YES;
				ENABLE_HARDENED_RUNTIME = YES;
				ENABLE_OUTGOING_NETWORK_CONNECTIONS = YES;
				ENABLE_USER_SELECTED_FILES = readonly;
				GENERATE_INFOPLIST_FILE = YES;
				INFOPLIST_FILE = "macOS (App)/Info.plist";
				INFOPLIST_KEY_CFBundleDisplayName = CODEX;
				INFOPLIST_KEY_NSMainStoryboardFile = Main;
				INFOPLIST_KEY_NSPrincipalClass = NSApplication;
				LD_RUNPATH_SEARCH_PATHS = (
					"$(inherited)",
					"@executable_path/../Frameworks",
				);
				MACOSX_DEPLOYMENT_TARGET = 10.14;
				MARKETING_VERSION = 1.0;
				OTHER_LDFLAGS = (
					"-framework",
					SafariServices,
					"-framework",
					WebKit,
				);
				PRODUCT_BUNDLE_IDENTIFIER = pro.kramer.codex;
				PRODUCT_NAME = CODEX;
				REGISTER_APP_GROUPS = YES;
				SDKROOT = macosx;
				STRING_CATALOG_GENERATE_SYMBOLS = YES;
				SWIFT_APPROACHABLE_CONCURRENCY = YES;
				SWIFT_DEFAULT_ACTOR_ISOLATION = MainActor;
				SWIFT_EMIT_LOC_STRINGS = YES;
				SWIFT_UPCOMING_FEATURE_MEMBER_IMPORT_VISIBILITY = YES;
				SWIFT_VERSION = 5.0;
			};
			name = Release;
		};
/* End XCBuildConfiguration section */

/* Begin XCConfigurationList section */
		C0A2790B3024E89F000F8482 /* Build configuration list for PBXProject "CODEX" */ = {
			isa = XCConfigurationList;
			buildConfigurations = (
				C0A279573024E8A0000F8482 /* Debug */,
				C0A279583024E8A0000F8482 /* Release */,
			);
			defaultConfigurationIsVisible = 0;
			defaultConfigurationName = Release;
		};
		C0A279593024E8A0000F8482 /* Build configuration list for PBXNativeTarget "CODEX Extension (iOS)" */ = {
			isa = XCConfigurationList;
			buildConfigurations = (
				C0A2795A3024E8A0000F8482 /* Debug */,
				C0A2795B3024E8A0000F8482 /* Release */,
			);
			defaultConfigurationIsVisible = 0;
			defaultConfigurationName = Release;
		};
		C0A2795D3024E8A0000F8482 /* Build configuration list for PBXNativeTarget "CODEX (iOS)" */ = {
			isa = XCConfigurationList;
			buildConfigurations = (
				C0A2795E3024E8A0000F8482 /* Debug */,
				C0A2795F3024E8A0000F8482 /* Release */,
			);
			defaultConfigurationIsVisible = 0;
			defaultConfigurationName = Release;
		};
		C0A279603024E8A0000F8482 /* Build configuration list for PBXNativeTarget "CODEX Extension (macOS)" */ = {
			isa = XCConfigurationList;
			buildConfigurations = (
				C0A279613024E8A0000F8482 /* Debug */,
				C0A279623024E8A0000F8482 /* Release */,
			);
			defaultConfigurationIsVisible = 0;
			defaultConfigurationName = Release;
		};
		C0A279643024E8A0000F8482 /* Build configuration list for PBXNativeTarget "CODEX (macOS)" */ = {
			isa = XCConfigurationList;
			buildConfigurations = (
				C0A279653024E8A0000F8482 /* Debug */,
				C0A279663024E8A0000F8482 /* Release */,
			);
			defaultConfigurationIsVisible = 0;
			defaultConfigurationName = Release;
		};
/* End XCConfigurationList section */
	};
	rootObject = C0A279083024E89F000F8482 /* Project object */;
}
